
Microsoft Visual Studio Solution File, Format Version 12.00
# Visual Studio 14
VisualStudioVersion = 14.0.24711.0
MinimumVisualStudioVersion = 10.0.40219.1
Project("{FAE04EC0-301F-11D3-BF4B-00C04F79EFBC}") = "Xunit.SkippableFact", "Xunit.SkippableFact\Xunit.SkippableFact.csproj", "{EA6330CC-B135-405D-AF9B-BD802B508985}"
EndProject
Project("{FF286327-C783-4F7A-AB73-9BCBAD0D4460}") = "Xunit.SkippableFact.NuGet", "Xunit.SkippableFact.NuGet\Xunit.SkippableFact.NuGet.nuproj", "{F4735A6D-589A-4A18-8238-E5FF0764F417}"
EndProject
Project("{2150E333-8FDC-42A3-9474-1A3956D46DE8}") = "Solution Items", "Solution Items", "{F1DC7855-CCA5-43C7-B1AB-D8D547E28A85}"
	ProjectSection(SolutionItems) = preProject
		..\LICENSE.txt = ..\LICENSE.txt
		..\nuget.config = ..\nuget.config
		..\README.md = ..\README.md
		..\release.cmd = ..\release.cmd
		..\version.json = ..\version.json
	EndProjectSection
EndProject
Project("{FAE04EC0-301F-11D3-BF4B-00C04F79EFBC}") = "Xunit.SkippableFact.Desktop", "Xunit.SkippableFact.Desktop\Xunit.SkippableFact.Desktop.csproj", "{F12DD7E3-22D5-4EC4-AA9B-A42A03D0798E}"
EndProject
Project("{FAE04EC0-301F-11D3-BF4B-00C04F79EFBC}") = "Xunit.SkippableFact.Dotnet", "Xunit.SkippableFact.Dotnet\Xunit.SkippableFact.Dotnet.csproj", "{DC7DC3B8-FB6B-424B-A302-B0F090D014B5}"
EndProject
Project("{D954291E-2A0B-460D-934E-DC6B0785DB48}") = "Xunit.SkippableFact.Shared", "Xunit.SkippableFact.Shared\Xunit.SkippableFact.Shared.shproj", "{A10E1858-3DC7-4767-8070-7E43E70ABADE}"
EndProject
Project("{D954291E-2A0B-460D-934E-DC6B0785DB48}") = "Xunit.SkippableFact.Tests.Shared", "Xunit.SkippableFact.Tests.Shared\Xunit.SkippableFact.Tests.Shared.shproj", "{432FC0E6-0B31-4F2D-A2CE-D8CA86E15399}"
EndProject
Project("{FAE04EC0-301F-11D3-BF4B-00C04F79EFBC}") = "Xunit.SkippableFact.Tests.Dotnet", "Xunit.SkippableFact.Tests.Dotnet\Xunit.SkippableFact.Tests.Dotnet.csproj", "{81D4F7CC-A88A-40E4-A1D2-A34BDE0BC2DF}"
EndProject
Project("{FAE04EC0-301F-11D3-BF4B-00C04F79EFBC}") = "Xunit.SkippableFact.Tests.Desktop", "Xunit.SkippableFact.Tests.Desktop\Xunit.SkippableFact.Tests.Desktop.csproj", "{CE5F06BC-8553-42A1-A7F0-3FEEE1B9373F}"
EndProject
Project("{FAE04EC0-301F-11D3-BF4B-00C04F79EFBC}") = "Xunit.SkippableFact.Tests.UWP", "Xunit.SkippableFact.Tests.UWP\Xunit.SkippableFact.Tests.UWP.csproj", "{8001780E-EC61-47EB-913F-E7A5984FFBDE}"
EndProject
Global
	GlobalSection(SharedMSBuildProjectFiles) = preSolution
		Xunit.SkippableFact.Tests.Shared\Xunit.SkippableFact.Tests.Shared.projitems*{81d4f7cc-a88a-40e4-a1d2-a34bde0bc2df}*SharedItemsImports = 4
		Xunit.SkippableFact.Tests.Shared\Xunit.SkippableFact.Tests.Shared.projitems*{8001780e-ec61-47eb-913f-e7a5984ffbde}*SharedItemsImports = 4
		Xunit.SkippableFact.Tests.Shared\Xunit.SkippableFact.Tests.Shared.projitems*{432fc0e6-0b31-4f2d-a2ce-d8ca86e15399}*SharedItemsImports = 13
		Xunit.SkippableFact.Shared\Xunit.SkippableFact.Shared.projitems*{dc7dc3b8-fb6b-424b-a302-b0f090d014b5}*SharedItemsImports = 4
		Xunit.SkippableFact.Shared\Xunit.SkippableFact.Shared.projitems*{a10e1858-3dc7-4767-8070-7e43e70abade}*SharedItemsImports = 13
		Xunit.SkippableFact.Tests.Shared\Xunit.SkippableFact.Tests.Shared.projitems*{ce5f06bc-8553-42a1-a7f0-3feee1b9373f}*SharedItemsImports = 4
		Xunit.SkippableFact.Shared\Xunit.SkippableFact.Shared.projitems*{f12dd7e3-22d5-4ec4-aa9b-a42a03d0798e}*SharedItemsImports = 4
	EndGlobalSection
	GlobalSection(SolutionConfigurationPlatforms) = preSolution
		Debug|Any CPU = Debug|Any CPU
		Debug|ARM = Debug|ARM
		Debug|Mixed Platforms = Debug|Mixed Platforms
		Debug|x64 = Debug|x64
		Debug|x86 = Debug|x86
		Release|Any CPU = Release|Any CPU
		Release|ARM = Release|ARM
		Release|Mixed Platforms = Release|Mixed Platforms
		Release|x64 = Release|x64
		Release|x86 = Release|x86
	EndGlobalSection
	GlobalSection(ProjectConfigurationPlatforms) = postSolution
		{EA6330CC-B135-405D-AF9B-BD802B508985}.Debug|Any CPU.ActiveCfg = Debug|Any CPU
		{EA6330CC-B135-405D-AF9B-BD802B508985}.Debug|Any CPU.Build.0 = Debug|Any CPU
		{EA6330CC-B135-405D-AF9B-BD802B508985}.Debug|ARM.ActiveCfg = Debug|Any CPU
		{EA6330CC-B135-405D-AF9B-BD802B508985}.Debug|ARM.Build.0 = Debug|Any CPU
		{EA6330CC-B135-405D-AF9B-BD802B508985}.Debug|Mixed Platforms.ActiveCfg = Debug|Any CPU
		{EA6330CC-B135-405D-AF9B-BD802B508985}.Debug|Mixed Platforms.Build.0 = Debug|Any CPU
		{EA6330CC-B135-405D-AF9B-BD802B508985}.Debug|x64.ActiveCfg = Debug|Any CPU
		{EA6330CC-B135-405D-AF9B-BD802B508985}.Debug|x64.Build.0 = Debug|Any CPU
		{EA6330CC-B135-405D-AF9B-BD802B508985}.Debug|x86.ActiveCfg = Debug|Any CPU
		{EA6330CC-B135-405D-AF9B-BD802B508985}.Debug|x86.Build.0 = Debug|Any CPU
		{EA6330CC-B135-405D-AF9B-BD802B508985}.Release|Any CPU.ActiveCfg = Release|Any CPU
		{EA6330CC-B135-405D-AF9B-BD802B508985}.Release|Any CPU.Build.0 = Release|Any CPU
		{EA6330CC-B135-405D-AF9B-BD802B508985}.Release|ARM.ActiveCfg = Release|Any CPU
		{EA6330CC-B135-405D-AF9B-BD802B508985}.Release|ARM.Build.0 = Release|Any CPU
		{EA6330CC-B135-405D-AF9B-BD802B508985}.Release|Mixed Platforms.ActiveCfg = Release|Any CPU
		{EA6330CC-B135-405D-AF9B-BD802B508985}.Release|Mixed Platforms.Build.0 = Release|Any CPU
		{EA6330CC-B135-405D-AF9B-BD802B508985}.Release|x64.ActiveCfg = Release|Any CPU
		{EA6330CC-B135-405D-AF9B-BD802B508985}.Release|x64.Build.0 = Release|Any CPU
		{EA6330CC-B135-405D-AF9B-BD802B508985}.Release|x86.ActiveCfg = Release|Any CPU
		{EA6330CC-B135-405D-AF9B-BD802B508985}.Release|x86.Build.0 = Release|Any CPU
		{F4735A6D-589A-4A18-8238-E5FF0764F417}.Debug|Any CPU.ActiveCfg = Debug|Any CPU
		{F4735A6D-589A-4A18-8238-E5FF0764F417}.Debug|Any CPU.Build.0 = Debug|Any CPU
		{F4735A6D-589A-4A18-8238-E5FF0764F417}.Debug|ARM.ActiveCfg = Debug|Any CPU
		{F4735A6D-589A-4A18-8238-E5FF0764F417}.Debug|ARM.Build.0 = Debug|Any CPU
		{F4735A6D-589A-4A18-8238-E5FF0764F417}.Debug|Mixed Platforms.ActiveCfg = Debug|Any CPU
		{F4735A6D-589A-4A18-8238-E5FF0764F417}.Debug|Mixed Platforms.Build.0 = Debug|Any CPU
		{F4735A6D-589A-4A18-8238-E5FF0764F417}.Debug|x64.ActiveCfg = Debug|Any CPU
		{F4735A6D-589A-4A18-8238-E5FF0764F417}.Debug|x64.Build.0 = Debug|Any CPU
		{F4735A6D-589A-4A18-8238-E5FF0764F417}.Debug|x86.ActiveCfg = Debug|Any CPU
		{F4735A6D-589A-4A18-8238-E5FF0764F417}.Debug|x86.Build.0 = Debug|Any CPU
		{F4735A6D-589A-4A18-8238-E5FF0764F417}.Release|Any CPU.ActiveCfg = Release|Any CPU
		{F4735A6D-589A-4A18-8238-E5FF0764F417}.Release|Any CPU.Build.0 = Release|Any CPU
		{F4735A6D-589A-4A18-8238-E5FF0764F417}.Release|ARM.ActiveCfg = Release|Any CPU
		{F4735A6D-589A-4A18-8238-E5FF0764F417}.Release|ARM.Build.0 = Release|Any CPU
		{F4735A6D-589A-4A18-8238-E5FF0764F417}.Release|Mixed Platforms.ActiveCfg = Release|Any CPU
		{F4735A6D-589A-4A18-8238-E5FF0764F417}.Release|Mixed Platforms.Build.0 = Release|Any CPU
		{F4735A6D-589A-4A18-8238-E5FF0764F417}.Release|x64.ActiveCfg = Release|Any CPU
		{F4735A6D-589A-4A18-8238-E5FF0764F417}.Release|x64.Build.0 = Release|Any CPU
		{F4735A6D-589A-4A18-8238-E5FF0764F417}.Release|x86.ActiveCfg = Release|Any CPU
		{F4735A6D-589A-4A18-8238-E5FF0764F417}.Release|x86.Build.0 = Release|Any CPU
		{F12DD7E3-22D5-4EC4-AA9B-A42A03D0798E}.Debug|Any CPU.ActiveCfg = Debug|Any CPU
		{F12DD7E3-22D5-4EC4-AA9B-A42A03D0798E}.Debug|Any CPU.Build.0 = Debug|Any CPU
		{F12DD7E3-22D5-4EC4-AA9B-A42A03D0798E}.Debug|ARM.ActiveCfg = Debug|Any CPU
		{F12DD7E3-22D5-4EC4-AA9B-A42A03D0798E}.Debug|ARM.Build.0 = Debug|Any CPU
		{F12DD7E3-22D5-4EC4-AA9B-A42A03D0798E}.Debug|Mixed Platforms.ActiveCfg = Debug|Any CPU
		{F12DD7E3-22D5-4EC4-AA9B-A42A03D0798E}.Debug|Mixed Platforms.Build.0 = Debug|Any CPU
		{F12DD7E3-22D5-4EC4-AA9B-A42A03D0798E}.Debug|x64.ActiveCfg = Debug|Any CPU
		{F12DD7E3-22D5-4EC4-AA9B-A42A03D0798E}.Debug|x64.Build.0 = Debug|Any CPU
		{F12DD7E3-22D5-4EC4-AA9B-A42A03D0798E}.Debug|x86.ActiveCfg = Debug|Any CPU
		{F12DD7E3-22D5-4EC4-AA9B-A42A03D0798E}.Debug|x86.Build.0 = Debug|Any CPU
		{F12DD7E3-22D5-4EC4-AA9B-A42A03D0798E}.Release|Any CPU.ActiveCfg = Release|Any CPU
		{F12DD7E3-22D5-4EC4-AA9B-A42A03D0798E}.Release|Any CPU.Build.0 = Release|Any CPU
		{F12DD7E3-22D5-4EC4-AA9B-A42A03D0798E}.Release|ARM.ActiveCfg = Release|Any CPU
		{F12DD7E3-22D5-4EC4-AA9B-A42A03D0798E}.Release|ARM.Build.0 = Release|Any CPU
		{F12DD7E3-22D5-4EC4-AA9B-A42A03D0798E}.Release|Mixed Platforms.ActiveCfg = Release|Any CPU
		{F12DD7E3-22D5-4EC4-AA9B-A42A03D0798E}.Release|Mixed Platforms.Build.0 = Release|Any CPU
		{F12DD7E3-22D5-4EC4-AA9B-A42A03D0798E}.Release|x64.ActiveCfg = Release|Any CPU
		{F12DD7E3-22D5-4EC4-AA9B-A42A03D0798E}.Release|x64.Build.0 = Release|Any CPU
		{F12DD7E3-22D5-4EC4-AA9B-A42A03D0798E}.Release|x86.ActiveCfg = Release|Any CPU
		{F12DD7E3-22D5-4EC4-AA9B-A42A03D0798E}.Release|x86.Build.0 = Release|Any CPU
		{DC7DC3B8-FB6B-424B-A302-B0F090D014B5}.Debug|Any CPU.ActiveCfg = Debug|Any CPU
		{DC7DC3B8-FB6B-424B-A302-B0F090D014B5}.Debug|Any CPU.Build.0 = Debug|Any CPU
		{DC7DC3B8-FB6B-424B-A302-B0F090D014B5}.Debug|ARM.ActiveCfg = Debug|Any CPU
		{DC7DC3B8-FB6B-424B-A302-B0F090D014B5}.Debug|ARM.Build.0 = Debug|Any CPU
		{DC7DC3B8-FB6B-424B-A302-B0F090D014B5}.Debug|Mixed Platforms.ActiveCfg = Debug|Any CPU
		{DC7DC3B8-FB6B-424B-A302-B0F090D014B5}.Debug|Mixed Platforms.Build.0 = Debug|Any CPU
		{DC7DC3B8-FB6B-424B-A302-B0F090D014B5}.Debug|x64.ActiveCfg = Debug|Any CPU
		{DC7DC3B8-FB6B-424B-A302-B0F090D014B5}.Debug|x64.Build.0 = Debug|Any CPU
		{DC7DC3B8-FB6B-424B-A302-B0F090D014B5}.Debug|x86.ActiveCfg = Debug|Any CPU
		{DC7DC3B8-FB6B-424B-A302-B0F090D014B5}.Debug|x86.Build.0 = Debug|Any CPU
		{DC7DC3B8-FB6B-424B-A302-B0F090D014B5}.Release|Any CPU.ActiveCfg = Release|Any CPU
		{DC7DC3B8-FB6B-424B-A302-B0F090D014B5}.Release|Any CPU.Build.0 = Release|Any CPU
		{DC7DC3B8-FB6B-424B-A302-B0F090D014B5}.Release|ARM.ActiveCfg = Release|Any CPU
		{DC7DC3B8-FB6B-424B-A302-B0F090D014B5}.Release|ARM.Build.0 = Release|Any CPU
		{DC7DC3B8-FB6B-424B-A302-B0F090D014B5}.Release|Mixed Platforms.ActiveCfg = Release|Any CPU
		{DC7DC3B8-FB6B-424B-A302-B0F090D014B5}.Release|Mixed Platforms.Build.0 = Release|Any CPU
		{DC7DC3B8-FB6B-424B-A302-B0F090D014B5}.Release|x64.ActiveCfg = Release|Any CPU
		{DC7DC3B8-FB6B-424B-A302-B0F090D014B5}.Release|x64.Build.0 = Release|Any CPU
		{DC7DC3B8-FB6B-424B-A302-B0F090D014B5}.Release|x86.ActiveCfg = Release|Any CPU
		{DC7DC3B8-FB6B-424B-A302-B0F090D014B5}.Release|x86.Build.0 = Release|Any CPU
		{81D4F7CC-A88A-40E4-A1D2-A34BDE0BC2DF}.Debug|Any CPU.ActiveCfg = Debug|Any CPU
		{81D4F7CC-A88A-40E4-A1D2-A34BDE0BC2DF}.Debug|Any CPU.Build.0 = Debug|Any CPU
		{81D4F7CC-A88A-40E4-A1D2-A34BDE0BC2DF}.Debug|ARM.ActiveCfg = Debug|Any CPU
		{81D4F7CC-A88A-40E4-A1D2-A34BDE0BC2DF}.Debug|ARM.Build.0 = Debug|Any CPU
		{81D4F7CC-A88A-40E4-A1D2-A34BDE0BC2DF}.Debug|Mixed Platforms.ActiveCfg = Debug|Any CPU
		{81D4F7CC-A88A-40E4-A1D2-A34BDE0BC2DF}.Debug|Mixed Platforms.Build.0 = Debug|Any CPU
		{81D4F7CC-A88A-40E4-A1D2-A34BDE0BC2DF}.Debug|x64.ActiveCfg = Debug|Any CPU
		{81D4F7CC-A88A-40E4-A1D2-A34BDE0BC2DF}.Debug|x64.Build.0 = Debug|Any CPU
		{81D4F7CC-A88A-40E4-A1D2-A34BDE0BC2DF}.Debug|x86.ActiveCfg = Debug|Any CPU
		{81D4F7CC-A88A-40E4-A1D2-A34BDE0BC2DF}.Debug|x86.Build.0 = Debug|Any CPU
		{81D4F7CC-A88A-40E4-A1D2-A34BDE0BC2DF}.Release|Any CPU.ActiveCfg = Release|Any CPU
		{81D4F7CC-A88A-40E4-A1D2-A34BDE0BC2DF}.Release|Any CPU.Build.0 = Release|Any CPU
		{81D4F7CC-A88A-40E4-A1D2-A34BDE0BC2DF}.Release|ARM.ActiveCfg = Release|Any CPU
		{81D4F7CC-A88A-40E4-A1D2-A34BDE0BC2DF}.Release|ARM.Build.0 = Release|Any CPU
		{81D4F7CC-A88A-40E4-A1D2-A34BDE0BC2DF}.Release|Mixed Platforms.ActiveCfg = Release|Any CPU
		{81D4F7CC-A88A-40E4-A1D2-A34BDE0BC2DF}.Release|Mixed Platforms.Build.0 = Release|Any CPU
		{81D4F7CC-A88A-40E4-A1D2-A34BDE0BC2DF}.Release|x64.ActiveCfg = Release|Any CPU
		{81D4F7CC-A88A-40E4-A1D2-A34BDE0BC2DF}.Release|x64.Build.0 = Release|Any CPU
		{81D4F7CC-A88A-40E4-A1D2-A34BDE0BC2DF}.Release|x86.ActiveCfg = Release|Any CPU
		{81D4F7CC-A88A-40E4-A1D2-A34BDE0BC2DF}.Release|x86.Build.0 = Release|Any CPU
		{CE5F06BC-8553-42A1-A7F0-3FEEE1B9373F}.Debug|Any CPU.ActiveCfg = Debug|Any CPU
		{CE5F06BC-8553-42A1-A7F0-3FEEE1B9373F}.Debug|Any CPU.Build.0 = Debug|Any CPU
		{CE5F06BC-8553-42A1-A7F0-3FEEE1B9373F}.Debug|ARM.ActiveCfg = Debug|Any CPU
		{CE5F06BC-8553-42A1-A7F0-3FEEE1B9373F}.Debug|ARM.Build.0 = Debug|Any CPU
		{CE5F06BC-8553-42A1-A7F0-3FEEE1B9373F}.Debug|Mixed Platforms.ActiveCfg = Debug|Any CPU
		{CE5F06BC-8553-42A1-A7F0-3FEEE1B9373F}.Debug|Mixed Platforms.Build.0 = Debug|Any CPU
		{CE5F06BC-8553-42A1-A7F0-3FEEE1B9373F}.Debug|x64.ActiveCfg = Debug|Any CPU
		{CE5F06BC-8553-42A1-A7F0-3FEEE1B9373F}.Debug|x64.Build.0 = Debug|Any CPU
		{CE5F06BC-8553-42A1-A7F0-3FEEE1B9373F}.Debug|x86.ActiveCfg = Debug|Any CPU
		{CE5F06BC-8553-42A1-A7F0-3FEEE1B9373F}.Debug|x86.Build.0 = Debug|Any CPU
		{CE5F06BC-8553-42A1-A7F0-3FEEE1B9373F}.Release|Any CPU.ActiveCfg = Release|Any CPU
		{CE5F06BC-8553-42A1-A7F0-3FEEE1B9373F}.Release|Any CPU.Build.0 = Release|Any CPU
		{CE5F06BC-8553-42A1-A7F0-3FEEE1B9373F}.Release|ARM.ActiveCfg = Release|Any CPU
		{CE5F06BC-8553-42A1-A7F0-3FEEE1B9373F}.Release|ARM.Build.0 = Release|Any CPU
		{CE5F06BC-8553-42A1-A7F0-3FEEE1B9373F}.Release|Mixed Platforms.ActiveCfg = Release|Any CPU
		{CE5F06BC-8553-42A1-A7F0-3FEEE1B9373F}.Release|Mixed Platforms.Build.0 = Release|Any CPU
		{CE5F06BC-8553-42A1-A7F0-3FEEE1B9373F}.Release|x64.ActiveCfg = Release|Any CPU
		{CE5F06BC-8553-42A1-A7F0-3FEEE1B9373F}.Release|x64.Build.0 = Release|Any CPU
		{CE5F06BC-8553-42A1-A7F0-3FEEE1B9373F}.Release|x86.ActiveCfg = Release|Any CPU
		{CE5F06BC-8553-42A1-A7F0-3FEEE1B9373F}.Release|x86.Build.0 = Release|Any CPU
		{8001780E-EC61-47EB-913F-E7A5984FFBDE}.Debug|Any CPU.ActiveCfg = Debug|x86
		{8001780E-EC61-47EB-913F-E7A5984FFBDE}.Debug|ARM.ActiveCfg = Debug|ARM
		{8001780E-EC61-47EB-913F-E7A5984FFBDE}.Debug|ARM.Build.0 = Debug|ARM
		{8001780E-EC61-47EB-913F-E7A5984FFBDE}.Debug|ARM.Deploy.0 = Debug|ARM
		{8001780E-EC61-47EB-913F-E7A5984FFBDE}.Debug|Mixed Platforms.ActiveCfg = Debug|x86
		{8001780E-EC61-47EB-913F-E7A5984FFBDE}.Debug|Mixed Platforms.Build.0 = Debug|x86
		{8001780E-EC61-47EB-913F-E7A5984FFBDE}.Debug|Mixed Platforms.Deploy.0 = Debug|x86
		{8001780E-EC61-47EB-913F-E7A5984FFBDE}.Debug|x64.ActiveCfg = Debug|x64
		{8001780E-EC61-47EB-913F-E7A5984FFBDE}.Debug|x64.Build.0 = Debug|x64
		{8001780E-EC61-47EB-913F-E7A5984FFBDE}.Debug|x64.Deploy.0 = Debug|x64
		{8001780E-EC61-47EB-913F-E7A5984FFBDE}.Debug|x86.ActiveCfg = Debug|x86
		{8001780E-EC61-47EB-913F-E7A5984FFBDE}.Debug|x86.Build.0 = Debug|x86
		{8001780E-EC61-47EB-913F-E7A5984FFBDE}.Debug|x86.Deploy.0 = Debug|x86
		{8001780E-EC61-47EB-913F-E7A5984FFBDE}.Release|Any CPU.ActiveCfg = Release|x86
		{8001780E-EC61-47EB-913F-E7A5984FFBDE}.Release|ARM.ActiveCfg = Release|ARM
		{8001780E-EC61-47EB-913F-E7A5984FFBDE}.Release|ARM.Build.0 = Release|ARM
		{8001780E-EC61-47EB-913F-E7A5984FFBDE}.Release|ARM.Deploy.0 = Release|ARM
		{8001780E-EC61-47EB-913F-E7A5984FFBDE}.Release|Mixed Platforms.ActiveCfg = Release|x86
		{8001780E-EC61-47EB-913F-E7A5984FFBDE}.Release|Mixed Platforms.Build.0 = Release|x86
		{8001780E-EC61-47EB-913F-E7A5984FFBDE}.Release|Mixed Platforms.Deploy.0 = Release|x86
		{8001780E-EC61-47EB-913F-E7A5984FFBDE}.Release|x64.ActiveCfg = Release|x64
		{8001780E-EC61-47EB-913F-E7A5984FFBDE}.Release|x64.Build.0 = Release|x64
		{8001780E-EC61-47EB-913F-E7A5984FFBDE}.Release|x64.Deploy.0 = Release|x64
		{8001780E-EC61-47EB-913F-E7A5984FFBDE}.Release|x86.ActiveCfg = Release|x86
		{8001780E-EC61-47EB-913F-E7A5984FFBDE}.Release|x86.Build.0 = Release|x86
		{8001780E-EC61-47EB-913F-E7A5984FFBDE}.Release|x86.Deploy.0 = Release|x86
	EndGlobalSection
	GlobalSection(SolutionProperties) = preSolution
		HideSolutionNode = FALSE
	EndGlobalSection
EndGlobal
